
Microsoft Visual Studio Solution File, Format Version 12.00
# Visual Studio Version 17
VisualStudioVersion = 17.0.31903.59
MinimumVisualStudioVersion = 10.0.40219.1
Project("{FAE04EC0-301F-11D3-BF4B-00C04F79EFBC}") = "API", "API\API.csproj", "{08D606E6-9323-44C8-8373-CB55B311E8CB}"
EndProject
Project("{FAE04EC0-301F-11D3-BF4B-00C04F79EFBC}") = "Core", "Core\Core.csproj", "{B98947E2-2DC9-4FAD-86CF-0FCE4237127E}"
EndProject
Project("{FAE04EC0-301F-11D3-BF4B-00C04F79EFBC}") = "Infrastructure", "Infrastructure\Infrastructure.csproj", "{80E44F13-7AB6-4875-9298-6035CC55D7E6}"
EndProject
Global
	GlobalSection(SolutionConfigurationPlatforms) = preSolution
		Debug|Any CPU = Debug|Any CPU
		Release|Any CPU = Release|Any CPU
	EndGlobalSection
	GlobalSection(SolutionProperties) = preSolution
		HideSolutionNode = FALSE
	EndGlobalSection
	GlobalSection(ProjectConfigurationPlatforms) = postSolution
		{08D606E6-9323-44C8-8373-CB55B311E8CB}.Debug|Any CPU.ActiveCfg = Debug|Any CPU
		{08D606E6-9323-44C8-8373-CB55B311E8CB}.Debug|Any CPU.Build.0 = Debug|Any CPU
		{08D606E6-9323-44C8-8373-CB55B311E8CB}.Release|Any CPU.ActiveCfg = Release|Any CPU
		{08D606E6-9323-44C8-8373-CB55B311E8CB}.Release|Any CPU.Build.0 = Release|Any CPU
		{B98947E2-2DC9-4FAD-86CF-0FCE4237127E}.Debug|Any CPU.ActiveCfg = Debug|Any CPU
		{B98947E2-2DC9-4FAD-86CF-0FCE4237127E}.Debug|Any CPU.Build.0 = Debug|Any CPU
		{B98947E2-2DC9-4FAD-86CF-0FCE4237127E}.Release|Any CPU.ActiveCfg = Release|Any CPU
		{B98947E2-2DC9-4FAD-86CF-0FCE4237127E}.Release|Any CPU.Build.0 = Release|Any CPU
		{80E44F13-7AB6-4875-9298-6035CC55D7E6}.Debug|Any CPU.ActiveCfg = Debug|Any CPU
		{80E44F13-7AB6-4875-9298-6035CC55D7E6}.Debug|Any CPU.Build.0 = Debug|Any CPU
		{80E44F13-7AB6-4875-9298-6035CC55D7E6}.Release|Any CPU.ActiveCfg = Release|Any CPU
		{80E44F13-7AB6-4875-9298-6035CC55D7E6}.Release|Any CPU.Build.0 = Release|Any CPU
	EndGlobalSection
EndGlobal
